
Microsoft Visual Studio Solution File, Format Version 12.00
# Visual Studio Version 16
VisualStudioVersion = 16.0.32106.194
MinimumVisualStudioVersion = 10.0.40219.1
Project("{9A19103F-16F7-4668-BE54-9A1E7A4F7556}") = "APIsManagerApi", "APIsManagerApi\APIsManagerApi.csproj", "{876FFB83-24E5-441E-B576-5D2B7672EEF8}"
EndProject
Project("{9A19103F-16F7-4668-BE54-9A1E7A4F7556}") = "Contracts", "Contracts\Contracts.csproj", "{999A85E7-2B6B-481E-89A8-DD2AEFA40A3B}"
EndProject
Project("{9A19103F-16F7-4668-BE54-9A1E7A4F7556}") = "LoggerService", "LoggerService\LoggerService.csproj", "{FEC5BA5C-77BC-4BEA-A34C-01116B6583F4}"
EndProject
Project("{FAE04EC0-301F-11D3-BF4B-00C04F79EFBC}") = "Entities", "Entities\Entities.csproj", "{EF608691-D6AE-4E2F-8F21-17B36A6FCFCF}"
EndProject
Project("{FAE04EC0-301F-11D3-BF4B-00C04F79EFBC}") = "Repository", "Repository\Repository.csproj", "{E586FDB7-5432-4DFB-9E06-837953408114}"
EndProject
Global
	GlobalSection(SolutionConfigurationPlatforms) = preSolution
		Debug|Any CPU = Debug|Any CPU
		Release|Any CPU = Release|Any CPU
	EndGlobalSection
	GlobalSection(ProjectConfigurationPlatforms) = postSolution
		{876FFB83-24E5-441E-B576-5D2B7672EEF8}.Debug|Any CPU.ActiveCfg = Debug|Any CPU
		{876FFB83-24E5-441E-B576-5D2B7672EEF8}.Debug|Any CPU.Build.0 = Debug|Any CPU
		{876FFB83-24E5-441E-B576-5D2B7672EEF8}.Release|Any CPU.ActiveCfg = Release|Any CPU
		{876FFB83-24E5-441E-B576-5D2B7672EEF8}.Release|Any CPU.Build.0 = Release|Any CPU
		{999A85E7-2B6B-481E-89A8-DD2AEFA40A3B}.Debug|Any CPU.ActiveCfg = Debug|Any CPU
		{999A85E7-2B6B-481E-89A8-DD2AEFA40A3B}.Debug|Any CPU.Build.0 = Debug|Any CPU
		{999A85E7-2B6B-481E-89A8-DD2AEFA40A3B}.Release|Any CPU.ActiveCfg = Release|Any CPU
		{999A85E7-2B6B-481E-89A8-DD2AEFA40A3B}.Release|Any CPU.Build.0 = Release|Any CPU
		{FEC5BA5C-77BC-4BEA-A34C-01116B6583F4}.Debug|Any CPU.ActiveCfg = Debug|Any CPU
		{FEC5BA5C-77BC-4BEA-A34C-01116B6583F4}.Debug|Any CPU.Build.0 = Debug|Any CPU
		{FEC5BA5C-77BC-4BEA-A34C-01116B6583F4}.Release|Any CPU.ActiveCfg = Release|Any CPU
		{FEC5BA5C-77BC-4BEA-A34C-01116B6583F4}.Release|Any CPU.Build.0 = Release|Any CPU
		{EF608691-D6AE-4E2F-8F21-17B36A6FCFCF}.Debug|Any CPU.ActiveCfg = Debug|Any CPU
		{EF608691-D6AE-4E2F-8F21-17B36A6FCFCF}.Debug|Any CPU.Build.0 = Debug|Any CPU
		{EF608691-D6AE-4E2F-8F21-17B36A6FCFCF}.Release|Any CPU.ActiveCfg = Release|Any CPU
		{EF608691-D6AE-4E2F-8F21-17B36A6FCFCF}.Release|Any CPU.Build.0 = Release|Any CPU
		{E586FDB7-5432-4DFB-9E06-837953408114}.Debug|Any CPU.ActiveCfg = Debug|Any CPU
		{E586FDB7-5432-4DFB-9E06-837953408114}.Debug|Any CPU.Build.0 = Debug|Any CPU
		{E586FDB7-5432-4DFB-9E06-837953408114}.Release|Any CPU.ActiveCfg = Release|Any CPU
		{E586FDB7-5432-4DFB-9E06-837953408114}.Release|Any CPU.Build.0 = Release|Any CPU
	EndGlobalSection
	GlobalSection(SolutionProperties) = preSolution
		HideSolutionNode = FALSE
	EndGlobalSection
	GlobalSection(ExtensibilityGlobals) = postSolution
		SolutionGuid = {33D06691-4C0D-4494-B908-9CDE5338842B}
	EndGlobalSection
EndGlobal
